// !$*UTF8*$!
{
	archiveVersion = 1;
	classes = {
	};
	objectVersion = 55;
	objects = {

/* Begin PBXBuildFile section */
		2E18DB1B3BC27558C807E844 /* Pods_Weather_Kompas.framework in Frameworks */ = {isa = PBXBuildFile; fileRef = 98E095274BFCC7ABEFFE9DBB /* Pods_Weather_Kompas.framework */; };
		B028D8C92786D8E8003915BC /* AppDelegate.swift in Sources */ = {isa = PBXBuildFile; fileRef = B028D8C82786D8E8003915BC /* AppDelegate.swift */; };
		B028D8CB2786D8E8003915BC /* SceneDelegate.swift in Sources */ = {isa = PBXBuildFile; fileRef = B028D8CA2786D8E8003915BC /* SceneDelegate.swift */; };
		B028D8D32786D8E8003915BC /* Weather_Kompas.xcdatamodeld in Sources */ = {isa = PBXBuildFile; fileRef = B028D8D12786D8E8003915BC /* Weather_Kompas.xcdatamodeld */; };
		B028D8D52786D8EA003915BC /* Assets.xcassets in Resources */ = {isa = PBXBuildFile; fileRef = B028D8D42786D8EA003915BC /* Assets.xcassets */; };
		B028D8D82786D8EA003915BC /* LaunchScreen.storyboard in Resources */ = {isa = PBXBuildFile; fileRef = B028D8D62786D8EA003915BC /* LaunchScreen.storyboard */; };
		B028D8E62786DAD1003915BC /* WeatherViewController.swift in Sources */ = {isa = PBXBuildFile; fileRef = B028D8E52786DAD1003915BC /* WeatherViewController.swift */; };
		B028D8E82786DAF4003915BC /* WeatherModel.swift in Sources */ = {isa = PBXBuildFile; fileRef = B028D8E72786DAF4003915BC /* WeatherModel.swift */; };
		B028D8EA2786DB04003915BC /* WeatherViewModel.swift in Sources */ = {isa = PBXBuildFile; fileRef = B028D8E92786DB04003915BC /* WeatherViewModel.swift */; };
		B028D8EC2786DB1B003915BC /* Constants.swift in Sources */ = {isa = PBXBuildFile; fileRef = B028D8EB2786DB1B003915BC /* Constants.swift */; };
		B028D8F02786DDCE003915BC /* ItemComponent.swift in Sources */ = {isa = PBXBuildFile; fileRef = B028D8EF2786DDCE003915BC /* ItemComponent.swift */; };
		B028D8F22786E032003915BC /* LabelComponent.swift in Sources */ = {isa = PBXBuildFile; fileRef = B028D8F12786E032003915BC /* LabelComponent.swift */; };
		B028D8F4278703F3003915BC /* APIManager.swift in Sources */ = {isa = PBXBuildFile; fileRef = B028D8F3278703F3003915BC /* APIManager.swift */; };
		B028D8F62787109C003915BC /* ErrorModel.swift in Sources */ = {isa = PBXBuildFile; fileRef = B028D8F52787109C003915BC /* ErrorModel.swift */; };
		B028D90227893AAC003915BC /* CoreDataManager.swift in Sources */ = {isa = PBXBuildFile; fileRef = B028D90127893AAC003915BC /* CoreDataManager.swift */; };
		B028D9042789525D003915BC /* ExtensionUI.swift in Sources */ = {isa = PBXBuildFile; fileRef = B028D9032789525D003915BC /* ExtensionUI.swift */; };
/* End PBXBuildFile section */

/* Begin PBXFileReference section */
		320FA338E9059C944EB9C0C2 /* Pods-Weather-Kompas.release.xcconfig */ = {isa = PBXFileReference; includeInIndex = 1; lastKnownFileType = text.xcconfig; name = "Pods-Weather-Kompas.release.xcconfig"; path = "Target Support Files/Pods-Weather-Kompas/Pods-Weather-Kompas.release.xcconfig"; sourceTree = "<group>"; };
		98E095274BFCC7ABEFFE9DBB /* Pods_Weather_Kompas.framework */ = {isa = PBXFileReference; explicitFileType = wrapper.framework; includeInIndex = 0; path = Pods_Weather_Kompas.framework; sourceTree = BUILT_PRODUCTS_DIR; };
		B028D8C52786D8E8003915BC /* Weather-Kompas.app */ = {isa = PBXFileReference; explicitFileType = wrapper.application; includeInIndex = 0; path = "Weather-Kompas.app"; sourceTree = BUILT_PRODUCTS_DIR; };
		B028D8C82786D8E8003915BC /* AppDelegate.swift */ = {isa = PBXFileReference; lastKnownFileType = sourcecode.swift; path = AppDelegate.swift; sourceTree = "<group>"; };
		B028D8CA2786D8E8003915BC /* SceneDelegate.swift */ = {isa = PBXFileReference; lastKnownFileType = sourcecode.swift; path = SceneDelegate.swift; sourceTree = "<group>"; };
		B028D8D22786D8E8003915BC /* Weather_Kompas.xcdatamodel */ = {isa = PBXFileReference; lastKnownFileType = wrapper.xcdatamodel; path = Weather_Kompas.xcdatamodel; sourceTree = "<group>"; };
		B028D8D42786D8EA003915BC /* Assets.xcassets */ = {isa = PBXFileReference; lastKnownFileType = folder.assetcatalog; path = Assets.xcassets; sourceTree = "<group>"; };
		B028D8D72786D8EA003915BC /* Base */ = {isa = PBXFileReference; lastKnownFileType = file.storyboard; name = Base; path = Base.lproj/LaunchScreen.storyboard; sourceTree = "<group>"; };
		B028D8D92786D8EA003915BC /* Info.plist */ = {isa = PBXFileReference; lastKnownFileType = text.plist.xml; path = Info.plist; sourceTree = "<group>"; };
		B028D8E52786DAD1003915BC /* WeatherViewController.swift */ = {isa = PBXFileReference; lastKnownFileType = sourcecode.swift; path = WeatherViewController.swift; sourceTree = "<group>"; };
		B028D8E72786DAF4003915BC /* WeatherModel.swift */ = {isa = PBXFileReference; lastKnownFileType = sourcecode.swift; path = WeatherModel.swift; sourceTree = "<group>"; };
		B028D8E92786DB04003915BC /* WeatherViewModel.swift */ = {isa = PBXFileReference; lastKnownFileType = sourcecode.swift; path = WeatherViewModel.swift; sourceTree = "<group>"; };
		B028D8EB2786DB1B003915BC /* Constants.swift */ = {isa = PBXFileReference; lastKnownFileType = sourcecode.swift; path = Constants.swift; sourceTree = "<group>"; };
		B028D8EF2786DDCE003915BC /* ItemComponent.swift */ = {isa = PBXFileReference; lastKnownFileType = sourcecode.swift; path = ItemComponent.swift; sourceTree = "<group>"; };
		B028D8F12786E032003915BC /* LabelComponent.swift */ = {isa = PBXFileReference; lastKnownFileType = sourcecode.swift; path = LabelComponent.swift; sourceTree = "<group>"; };
		B028D8F3278703F3003915BC /* APIManager.swift */ = {isa = PBXFileReference; lastKnownFileType = sourcecode.swift; path = APIManager.swift; sourceTree = "<group>"; };
		B028D8F52787109C003915BC /* ErrorModel.swift */ = {isa = PBXFileReference; lastKnownFileType = sourcecode.swift; path = ErrorModel.swift; sourceTree = "<group>"; };
		B028D90127893AAC003915BC /* CoreDataManager.swift */ = {isa = PBXFileReference; lastKnownFileType = sourcecode.swift; path = CoreDataManager.swift; sourceTree = "<group>"; };
		B028D9032789525D003915BC /* ExtensionUI.swift */ = {isa = PBXFileReference; lastKnownFileType = sourcecode.swift; path = ExtensionUI.swift; sourceTree = "<group>"; };
		E1AE0319569E8E7581ECF9DA /* Pods-Weather-Kompas.debug.xcconfig */ = {isa = PBXFileReference; includeInIndex = 1; lastKnownFileType = text.xcconfig; name = "Pods-Weather-Kompas.debug.xcconfig"; path = "Target Support Files/Pods-Weather-Kompas/Pods-Weather-Kompas.debug.xcconfig"; sourceTree = "<group>"; };
/* End PBXFileReference section */

/* Begin PBXFrameworksBuildPhase section */
		B028D8C22786D8E8003915BC /* Frameworks */ = {
			isa = PBXFrameworksBuildPhase;
			buildActionMask = 2147483647;
			files = (
				2E18DB1B3BC27558C807E844 /* Pods_Weather_Kompas.framework in Frameworks */,
			);
			runOnlyForDeploymentPostprocessing = 0;
		};
/* End PBXFrameworksBuildPhase section */

/* Begin PBXGroup section */
		244D36FE66124CD8060406CE /* Frameworks */ = {
			isa = PBXGroup;
			children = (
				98E095274BFCC7ABEFFE9DBB /* Pods_Weather_Kompas.framework */,
			);
			name = Frameworks;
			sourceTree = "<group>";
		};
		B028D8BC2786D8E8003915BC = {
			isa = PBXGroup;
			children = (
				B028D8C72786D8E8003915BC /* Weather-Kompas */,
				B028D8C62786D8E8003915BC /* Products */,
				E9EACBAC22A861260A60F092 /* Pods */,
				244D36FE66124CD8060406CE /* Frameworks */,
			);
			sourceTree = "<group>";
		};
		B028D8C62786D8E8003915BC /* Products */ = {
			isa = PBXGroup;
			children = (
				B028D8C52786D8E8003915BC /* Weather-Kompas.app */,
			);
			name = Products;
			sourceTree = "<group>";
		};
		B028D8C72786D8E8003915BC /* Weather-Kompas */ = {
			isa = PBXGroup;
			children = (
				B028D90027893A8A003915BC /* CoreDataManager */,
				B028D8ED2786DB37003915BC /* APIManager */,
				B028D8E12786DA89003915BC /* Weather */,
				B028D8E02786DA60003915BC /* Utilities */,
				B028D8DF2786DA58003915BC /* Delegate */,
				B028D8D42786D8EA003915BC /* Assets.xcassets */,
				B028D8D62786D8EA003915BC /* LaunchScreen.storyboard */,
				B028D8D92786D8EA003915BC /* Info.plist */,
				B028D8D12786D8E8003915BC /* Weather_Kompas.xcdatamodeld */,
			);
			path = "Weather-Kompas";
			sourceTree = "<group>";
		};
		B028D8DF2786DA58003915BC /* Delegate */ = {
			isa = PBXGroup;
			children = (
				B028D8C82786D8E8003915BC /* AppDelegate.swift */,
				B028D8CA2786D8E8003915BC /* SceneDelegate.swift */,
			);
			path = Delegate;
			sourceTree = "<group>";
		};
		B028D8E02786DA60003915BC /* Utilities */ = {
			isa = PBXGroup;
			children = (
				B028D8EE2786DDB0003915BC /* Component */,
				B028D8EB2786DB1B003915BC /* Constants.swift */,
				B028D9032789525D003915BC /* ExtensionUI.swift */,
			);
			path = Utilities;
			sourceTree = "<group>";
		};
		B028D8E12786DA89003915BC /* Weather */ = {
			isa = PBXGroup;
			children = (
				B028D8E42786DAAD003915BC /* Model */,
				B028D8E32786DA9F003915BC /* View */,
				B028D8E22786DA96003915BC /* ViewModel */,
			);
			path = Weather;
			sourceTree = "<group>";
		};
		B028D8E22786DA96003915BC /* ViewModel */ = {
			isa = PBXGroup;
			children = (
				B028D8E92786DB04003915BC /* WeatherViewModel.swift */,
			);
			path = ViewModel;
			sourceTree = "<group>";
		};
		B028D8E32786DA9F003915BC /* View */ = {
			isa = PBXGroup;
			children = (
				B028D8E52786DAD1003915BC /* WeatherViewController.swift */,
			);
			path = View;
			sourceTree = "<group>";
		};
		B028D8E42786DAAD003915BC /* Model */ = {
			isa = PBXGroup;
			children = (
				B028D8E72786DAF4003915BC /* WeatherModel.swift */,
				B028D8F52787109C003915BC /* ErrorModel.swift */,
			);
			path = Model;
			sourceTree = "<group>";
		};
		B028D8ED2786DB37003915BC /* APIManager */ = {
			isa = PBXGroup;
			children = (
				B028D8F3278703F3003915BC /* APIManager.swift */,
			);
			path = APIManager;
			sourceTree = "<group>";
		};
		B028D8EE2786DDB0003915BC /* Component */ = {
			isa = PBXGroup;
			children = (
				B028D8EF2786DDCE003915BC /* ItemComponent.swift */,
				B028D8F12786E032003915BC /* LabelComponent.swift */,
			);
			path = Component;
			sourceTree = "<group>";
		};
		B028D90027893A8A003915BC /* CoreDataManager */ = {
			isa = PBXGroup;
			children = (
				B028D90127893AAC003915BC /* CoreDataManager.swift */,
			);
			path = CoreDataManager;
			sourceTree = "<group>";
		};
		E9EACBAC22A861260A60F092 /* Pods */ = {
			isa = PBXGroup;
			children = (
				E1AE0319569E8E7581ECF9DA /* Pods-Weather-Kompas.debug.xcconfig */,
				320FA338E9059C944EB9C0C2 /* Pods-Weather-Kompas.release.xcconfig */,
			);
			path = Pods;
			sourceTree = "<group>";
		};
/* End PBXGroup section */

/* Begin PBXNativeTarget section */
		B028D8C42786D8E8003915BC /* Weather-Kompas */ = {
			isa = PBXNativeTarget;
			buildConfigurationList = B028D8DC2786D8EA003915BC /* Build configuration list for PBXNativeTarget "Weather-Kompas" */;
			buildPhases = (
				47EE025FED1E6565FA6133CC /* [CP] Check Pods Manifest.lock */,
				B028D8C12786D8E8003915BC /* Sources */,
				B028D8C22786D8E8003915BC /* Frameworks */,
				B028D8C32786D8E8003915BC /* Resources */,
				7168686EB3DB9488C44DDC16 /* [CP] Embed Pods Frameworks */,
			);
			buildRules = (
			);
			dependencies = (
			);
			name = "Weather-Kompas";
			productName = "Weather-Kompas";
			productReference = B028D8C52786D8E8003915BC /* Weather-Kompas.app */;
			productType = "com.apple.product-type.application";
		};
/* End PBXNativeTarget section */

/* Begin PBXProject section */
		B028D8BD2786D8E8003915BC /* Project object */ = {
			isa = PBXProject;
			attributes = {
				BuildIndependentTargetsInParallel = 1;
				LastSwiftUpdateCheck = 1320;
				LastUpgradeCheck = 1320;
				TargetAttributes = {
					B028D8C42786D8E8003915BC = {
						CreatedOnToolsVersion = 13.2;
					};
				};
			};
			buildConfigurationList = B028D8C02786D8E8003915BC /* Build configuration list for PBXProject "Weather-Kompas" */;
			compatibilityVersion = "Xcode 13.0";
			developmentRegion = en;
			hasScannedForEncodings = 0;
			knownRegions = (
				en,
				Base,
			);
			mainGroup = B028D8BC2786D8E8003915BC;
			productRefGroup = B028D8C62786D8E8003915BC /* Products */;
			projectDirPath = "";
			projectRoot = "";
			targets = (
				B028D8C42786D8E8003915BC /* Weather-Kompas */,
			);
		};
/* End PBXProject section */

/* Begin PBXResourcesBuildPhase section */
		B028D8C32786D8E8003915BC /* Resources */ = {
			isa = PBXResourcesBuildPhase;
			buildActionMask = 2147483647;
			files = (
				B028D8D82786D8EA003915BC /* LaunchScreen.storyboard in Resources */,
				B028D8D52786D8EA003915BC /* Assets.xcassets in Resources */,
			);
			runOnlyForDeploymentPostprocessing = 0;
		};
/* End PBXResourcesBuildPhase section */

/* Begin PBXShellScriptBuildPhase section */
		47EE025FED1E6565FA6133CC /* [CP] Check Pods Manifest.lock */ = {
			isa = PBXShellScriptBuildPhase;
			buildActionMask = 2147483647;
			files = (
			);
			inputFileListPaths = (
			);
			inputPaths = (
				"${PODS_PODFILE_DIR_PATH}/Podfile.lock",
				"${PODS_ROOT}/Manifest.lock",
			);
			name = "[CP] Check Pods Manifest.lock";
			outputFileListPaths = (
			);
			outputPaths = (
				"$(DERIVED_FILE_DIR)/Pods-Weather-Kompas-checkManifestLockResult.txt",
			);
			runOnlyForDeploymentPostprocessing = 0;
			shellPath = /bin/sh;
			shellScript = "diff \"${PODS_PODFILE_DIR_PATH}/Podfile.lock\" \"${PODS_ROOT}/Manifest.lock\" > /dev/null\nif [ $? != 0 ] ; then\n    # print error to STDERR\n    echo \"error: The sandbox is not in sync with the Podfile.lock. Run 'pod install' or update your CocoaPods installation.\" >&2\n    exit 1\nfi\n# This output is used by Xcode 'outputs' to avoid re-running this script phase.\necho \"SUCCESS\" > \"${SCRIPT_OUTPUT_FILE_0}\"\n";
			showEnvVarsInLog = 0;
		};
		7168686EB3DB9488C44DDC16 /* [CP] Embed Pods Frameworks */ = {
			isa = PBXShellScriptBuildPhase;
			buildActionMask = 2147483647;
			files = (
			);
			inputFileListPaths = (
				"${PODS_ROOT}/Target Support Files/Pods-Weather-Kompas/Pods-Weather-Kompas-frameworks-${CONFIGURATION}-input-files.xcfilelist",
			);
			name = "[CP] Embed Pods Frameworks";
			outputFileListPaths = (
				"${PODS_ROOT}/Target Support Files/Pods-Weather-Kompas/Pods-Weather-Kompas-frameworks-${CONFIGURATION}-output-files.xcfilelist",
			);
			runOnlyForDeploymentPostprocessing = 0;
			shellPath = /bin/sh;
			shellScript = "\"${PODS_ROOT}/Target Support Files/Pods-Weather-Kompas/Pods-Weather-Kompas-frameworks.sh\"\n";
			showEnvVarsInLog = 0;
		};
/* End PBXShellScriptBuildPhase section */

/* Begin PBXSourcesBuildPhase section */
		B028D8C12786D8E8003915BC /* Sources */ = {
			isa = PBXSourcesBuildPhase;
			buildActionMask = 2147483647;
			files = (
				B028D8F02786DDCE003915BC /* ItemComponent.swift in Sources */,
				B028D9042789525D003915BC /* ExtensionUI.swift in Sources */,
				B028D8E62786DAD1003915BC /* WeatherViewController.swift in Sources */,
				B028D8F4278703F3003915BC /* APIManager.swift in Sources */,
				B028D8F22786E032003915BC /* LabelComponent.swift in Sources */,
				B028D8F62787109C003915BC /* ErrorModel.swift in Sources */,
				B028D8D32786D8E8003915BC /* Weather_Kompas.xcdatamodeld in Sources */,
				B028D90227893AAC003915BC /* CoreDataManager.swift in Sources */,
				B028D8EC2786DB1B003915BC /* Constants.swift in Sources */,
				B028D8EA2786DB04003915BC /* WeatherViewModel.swift in Sources */,
				B028D8C92786D8E8003915BC /* AppDelegate.swift in Sources */,
				B028D8E82786DAF4003915BC /* WeatherModel.swift in Sources */,
				B028D8CB2786D8E8003915BC /* SceneDelegate.swift in Sources */,
			);
			runOnlyForDeploymentPostprocessing = 0;
		};
/* End PBXSourcesBuildPhase section */

/* Begin PBXVariantGroup section */
		B028D8D62786D8EA003915BC /* LaunchScreen.storyboard */ = {
			isa = PBXVariantGroup;
			children = (
				B028D8D72786D8EA003915BC /* Base */,
			);
			name = LaunchScreen.storyboard;
			sourceTree = "<group>";
		};
/* End PBXVariantGroup section */

/* Begin XCBuildConfiguration section */
		B028D8DA2786D8EA003915BC /* Debug */ = {
			isa = XCBuildConfiguration;
			buildSettings = {
				ALWAYS_SEARCH_USER_PATHS = NO;
				CLANG_ANALYZER_NONNULL = YES;
				CLANG_ANALYZER_NUMBER_OBJECT_CONVERSION = YES_AGGRESSIVE;
				CLANG_CXX_LANGUAGE_STANDARD = "gnu++17";
				CLANG_CXX_LIBRARY = "libc++";
				CLANG_ENABLE_MODULES = YES;
				CLANG_ENABLE_OBJC_ARC = YES;
				CLANG_ENABLE_OBJC_WEAK = YES;
				CLANG_WARN_BLOCK_CAPTURE_AUTORELEASING = YES;
				CLANG_WARN_BOOL_CONVERSION = YES;
				CLANG_WARN_COMMA = YES;
				CLANG_WARN_CONSTANT_CONVERSION = YES;
				CLANG_WARN_DEPRECATED_OBJC_IMPLEMENTATIONS = YES;
				CLANG_WARN_DIRECT_OBJC_ISA_USAGE = YES_ERROR;
				CLANG_WARN_DOCUMENTATION_COMMENTS = YES;
				CLANG_WARN_EMPTY_BODY = YES;
				CLANG_WARN_ENUM_CONVERSION = YES;
				CLANG_WARN_INFINITE_RECURSION = YES;
				CLANG_WARN_INT_CONVERSION = YES;
				CLANG_WARN_NON_LITERAL_NULL_CONVERSION = YES;
				CLANG_WARN_OBJC_IMPLICIT_RETAIN_SELF = YES;
				CLANG_WARN_OBJC_LITERAL_CONVERSION = YES;
				CLANG_WARN_OBJC_ROOT_CLASS = YES_ERROR;
				CLANG_WARN_QUOTED_INCLUDE_IN_FRAMEWORK_HEADER = YES;
				CLANG_WARN_RANGE_LOOP_ANALYSIS = YES;
				CLANG_WARN_STRICT_PROTOTYPES = YES;
				CLANG_WARN_SUSPICIOUS_MOVE = YES;
				CLANG_WARN_UNGUARDED_AVAILABILITY = YES_AGGRESSIVE;
				CLANG_WARN_UNREACHABLE_CODE = YES;
				CLANG_WARN__DUPLICATE_METHOD_MATCH = YES;
				COPY_PHASE_STRIP = NO;
				DEBUG_INFORMATION_FORMAT = dwarf;
				ENABLE_STRICT_OBJC_MSGSEND = YES;
				ENABLE_TESTABILITY = YES;
				GCC_C_LANGUAGE_STANDARD = gnu11;
				GCC_DYNAMIC_NO_PIC = NO;
				GCC_NO_COMMON_BLOCKS = YES;
				GCC_OPTIMIZATION_LEVEL = 0;
				GCC_PREPROCESSOR_DEFINITIONS = (
					"DEBUG=1",
					"$(inherited)",
				);
				GCC_WARN_64_TO_32_BIT_CONVERSION = YES;
				GCC_WARN_ABOUT_RETURN_TYPE = YES_ERROR;
				GCC_WARN_UNDECLARED_SELECTOR = YES;
				GCC_WARN_UNINITIALIZED_AUTOS = YES_AGGRESSIVE;
				GCC_WARN_UNUSED_FUNCTION = YES;
				GCC_WARN_UNUSED_VARIABLE = YES;
				IPHONEOS_DEPLOYMENT_TARGET = 15.2;
				MTL_ENABLE_DEBUG_INFO = INCLUDE_SOURCE;
				MTL_FAST_MATH = YES;
				ONLY_ACTIVE_ARCH = YES;
				SDKROOT = iphoneos;
				SWIFT_ACTIVE_COMPILATION_CONDITIONS = DEBUG;
				SWIFT_OPTIMIZATION_LEVEL = "-Onone";
			};
			name = Debug;
		};
		B028D8DB2786D8EA003915BC /* Release */ = {
			isa = XCBuildConfiguration;
			buildSettings = {
				ALWAYS_SEARCH_USER_PATHS = NO;
				CLANG_ANALYZER_NONNULL = YES;
				CLANG_ANALYZER_NUMBER_OBJECT_CONVERSION = YES_AGGRESSIVE;
				CLANG_CXX_LANGUAGE_STANDARD = "gnu++17";
				CLANG_CXX_LIBRARY = "libc++";
				CLANG_ENABLE_MODULES = YES;
				CLANG_ENABLE_OBJC_ARC = YES;
				CLANG_ENABLE_OBJC_WEAK = YES;
				CLANG_WARN_BLOCK_CAPTURE_AUTORELEASING = YES;
				CLANG_WARN_BOOL_CONVERSION = YES;
				CLANG_WARN_COMMA = YES;
				CLANG_WARN_CONSTANT_CONVERSION = YES;
				CLANG_WARN_DEPRECATED_OBJC_IMPLEMENTATIONS = YES;
				CLANG_WARN_DIRECT_OBJC_ISA_USAGE = YES_ERROR;
				CLANG_WARN_DOCUMENTATION_COMMENTS = YES;
				CLANG_WARN_EMPTY_BODY = YES;
				CLANG_WARN_ENUM_CONVERSION = YES;
				CLANG_WARN_INFINITE_RECURSION = YES;
				CLANG_WARN_INT_CONVERSION = YES;
				CLANG_WARN_NON_LITERAL_NULL_CONVERSION = YES;
				CLANG_WARN_OBJC_IMPLICIT_RETAIN_SELF = YES;
				CLANG_WARN_OBJC_LITERAL_CONVERSION = YES;
				CLANG_WARN_OBJC_ROOT_CLASS = YES_ERROR;
				CLANG_WARN_QUOTED_INCLUDE_IN_FRAMEWORK_HEADER = YES;
				CLANG_WARN_RANGE_LOOP_ANALYSIS = YES;
				CLANG_WARN_STRICT_PROTOTYPES = YES;
				CLANG_WARN_SUSPICIOUS_MOVE = YES;
				CLANG_WARN_UNGUARDED_AVAILABILITY = YES_AGGRESSIVE;
				CLANG_WARN_UNREACHABLE_CODE = YES;
				CLANG_WARN__DUPLICATE_METHOD_MATCH = YES;
				COPY_PHASE_STRIP = NO;
				DEBUG_INFORMATION_FORMAT = "dwarf-with-dsym";
				ENABLE_NS_ASSERTIONS = NO;
				ENABLE_STRICT_OBJC_MSGSEND = YES;
				GCC_C_LANGUAGE_STANDARD = gnu11;
				GCC_NO_COMMON_BLOCKS = YES;
				GCC_WARN_64_TO_32_BIT_CONVERSION = YES;
				GCC_WARN_ABOUT_RETURN_TYPE = YES_ERROR;
				GCC_WARN_UNDECLARED_SELECTOR = YES;
				GCC_WARN_UNINITIALIZED_AUTOS = YES_AGGRESSIVE;
				GCC_WARN_UNUSED_FUNCTION = YES;
				GCC_WARN_UNUSED_VARIABLE = YES;
				IPHONEOS_DEPLOYMENT_TARGET = 15.2;
				MTL_ENABLE_DEBUG_INFO = NO;
				MTL_FAST_MATH = YES;
				SDKROOT = iphoneos;
				SWIFT_COMPILATION_MODE = wholemodule;
				SWIFT_OPTIMIZATION_LEVEL = "-O";
				VALIDATE_PRODUCT = YES;
			};
			name = Release;
		};
		B028D8DD2786D8EA003915BC /* Debug */ = {
			isa = XCBuildConfiguration;
			baseConfigurationReference = E1AE0319569E8E7581ECF9DA /* Pods-Weather-Kompas.debug.xcconfig */;
			buildSettings = {
				ASSETCATALOG_COMPILER_APPICON_NAME = AppIcon;
				ASSETCATALOG_COMPILER_GLOBAL_ACCENT_COLOR_NAME = AccentColor;
				CODE_SIGN_STYLE = Automatic;
				CURRENT_PROJECT_VERSION = 1;
				DEVELOPMENT_TEAM = BTP3P5U2W5;
				GENERATE_INFOPLIST_FILE = YES;
				INFOPLIST_FILE = "Weather-Kompas/Info.plist";
				INFOPLIST_KEY_NSLocationAlwaysAndWhenInUseUsageDescription = "Weather App Ingin menggunakan lokasi anda";
				INFOPLIST_KEY_NSLocationAlwaysUsageDescription = "Weather App Ingin menggunakan lokasi anda";
				INFOPLIST_KEY_UIApplicationSupportsIndirectInputEvents = YES;
				INFOPLIST_KEY_UILaunchStoryboardName = LaunchScreen;
				INFOPLIST_KEY_UISupportedInterfaceOrientations_iPad = "UIInterfaceOrientationPortrait UIInterfaceOrientationPortraitUpsideDown UIInterfaceOrientationLandscapeLeft UIInterfaceOrientationLandscapeRight";
				INFOPLIST_KEY_UISupportedInterfaceOrientations_iPhone = "UIInterfaceOrientationPortrait UIInterfaceOrientationLandscapeLeft UIInterfaceOrientationLandscapeRight";
				IPHONEOS_DEPLOYMENT_TARGET = 15.2;
				LD_RUNPATH_SEARCH_PATHS = (
					"$(inherited)",
					"@executable_path/Frameworks",
				);
				MARKETING_VERSION = 1.0;
				PRODUCT_BUNDLE_IDENTIFIER = "com.miftah.Weather-Kompas";
				PRODUCT_NAME = "$(TARGET_NAME)";
				SWIFT_EMIT_LOC_STRINGS = YES;
				SWIFT_VERSION = 5.0;
				TARGETED_DEVICE_FAMILY = 1;
			};
			name = Debug;
		};
		B028D8DE2786D8EA003915BC /* Release */ = {
			isa = XCBuildConfiguration;
			baseConfigurationReference = 320FA338E9059C944EB9C0C2 /* Pods-Weather-Kompas.release.xcconfig */;
			buildSettings = {
				ASSETCATALOG_COMPILER_APPICON_NAME = AppIcon;
				ASSETCATALOG_COMPILER_GLOBAL_ACCENT_COLOR_NAME = AccentColor;
				CODE_SIGN_STYLE = Automatic;
				CURRENT_PROJECT_VERSION = 1;
				DEVELOPMENT_TEAM = BTP3P5U2W5;
				GENERATE_INFOPLIST_FILE = YES;
				INFOPLIST_FILE = "Weather-Kompas/Info.plist";
				INFOPLIST_KEY_NSLocationAlwaysAndWhenInUseUsageDescription = "Weather App Ingin menggunakan lokasi anda";
				INFOPLIST_KEY_NSLocationAlwaysUsageDescription = "Weather App Ingin menggunakan lokasi anda";
				INFOPLIST_KEY_UIApplicationSupportsIndirectInputEvents = YES;
				INFOPLIST_KEY_UILaunchStoryboardName = LaunchScreen;
				INFOPLIST_KEY_UISupportedInterfaceOrientations_iPad = "UIInterfaceOrientationPortrait UIInterfaceOrientationPortraitUpsideDown UIInterfaceOrientationLandscapeLeft UIInterfaceOrientationLandscapeRight";
				INFOPLIST_KEY_UISupportedInterfaceOrientations_iPhone = "UIInterfaceOrientationPortrait UIInterfaceOrientationLandscapeLeft UIInterfaceOrientationLandscapeRight";
				IPHONEOS_DEPLOYMENT_TARGET = 15.2;
				LD_RUNPATH_SEARCH_PATHS = (
					"$(inherited)",
					"@executable_path/Frameworks",
				);
				MARKETING_VERSION = 1.0;
				PRODUCT_BUNDLE_IDENTIFIER = "com.miftah.Weather-Kompas";
				PRODUCT_NAME = "$(TARGET_NAME)";
				SWIFT_EMIT_LOC_STRINGS = YES;
				SWIFT_VERSION = 5.0;
				TARGETED_DEVICE_FAMILY = 1;
			};
			name = Release;
		};
/* End XCBuildConfiguration section */

/* Begin XCConfigurationList section */
		B028D8C02786D8E8003915BC /* Build configuration list for PBXProject "Weather-Kompas" */ = {
			isa = XCConfigurationList;
			buildConfigurations = (
				B028D8DA2786D8EA003915BC /* Debug */,
				B028D8DB2786D8EA003915BC /* Release */,
			);
			defaultConfigurationIsVisible = 0;
			defaultConfigurationName = Release;
		};
		B028D8DC2786D8EA003915BC /* Build configuration list for PBXNativeTarget "Weather-Kompas" */ = {
			isa = XCConfigurationList;
			buildConfigurations = (
				B028D8DD2786D8EA003915BC /* Debug */,
				B028D8DE2786D8EA003915BC /* Release */,
			);
			defaultConfigurationIsVisible = 0;
			defaultConfigurationName = Release;
		};
/* End XCConfigurationList section */

/* Begin XCVersionGroup section */
		B028D8D12786D8E8003915BC /* Weather_Kompas.xcdatamodeld */ = {
			isa = XCVersionGroup;
			children = (
				B028D8D22786D8E8003915BC /* Weather_Kompas.xcdatamodel */,
			);
			currentVersion = B028D8D22786D8E8003915BC /* Weather_Kompas.xcdatamodel */;
			path = Weather_Kompas.xcdatamodeld;
			sourceTree = "<group>";
			versionGroupType = wrapper.xcdatamodel;
		};
/* End XCVersionGroup section */
	};
	rootObject = B028D8BD2786D8E8003915BC /* Project object */;
}
